{
  "name": "athena-v1-frontend",
  "version": "0.1.0",
  "lockfileVersion": 3,
  "requires": true,
  "packages": {
    "": {
      "name": "athena-v1-frontend",
      "version": "0.1.0",
      "private": true,
      "dependencies": {
        "axios": "^1.7.2",
        "react": "^18.3.1",
        "react-dom": "^18.3.1",
        "react-scripts": "5.0.1"
      },
      "devDependencies": {},
      "engines": {
        "node": ">=18"
      }
    },
    "node_modules/axios": {
      "version": "1.7.2",
      "resolved": "https://registry.npmjs.org/axios/-/axios-1.7.2.tgz",
      "integrity": "sha512-QjNt0UjBylS/HqYgG+lNtFctc8hLgTq4M8Ffn5eSjDLD/bT2zzrIWHoMviqP4HYm1FzGjymK9a/842XaewnO/Q==",
      "dependencies": {
        "follow-redirects": "^1.15.6",
        "form-data": "^4.0.0",
        "proxy-from-env": "^1.1.0"
      }
    },
    "node_modules/react": {
      "version": "18.3.1",
      "resolved": "https://registry.npmjs.org/react/-/react-18.3.1.tgz",
      "integrity": "sha512-wS+hAgT0bUeaTpHZPp2rSgGcZqOh5/jP0T3PSqM5S+kLvs8sCbdTapf1kSJGYSYrk0S8PSX/3w0eGcwGgaE6QA==",
      "dependencies": {
        "loose-envify": "^1.1.0",
        "scheduler": "^0.23.2"
      },
      "engines": {
        "node": ">=0.10.0"
      }
    },
    "node_modules/react-dom": {
      "version": "18.3.1",
      "resolved": "https://registry.npmjs.org/react-dom/-/react-dom-18.3.1.tgz",
      "integrity": "sha512-5M8iugKTDs9uHeXXiCjQcBLM53MvP+C+S2eP1fJ+k8yB2Tq1j3sNn2dC+7i/lAxwOBV2pAYU/0IZvoZaQ072w==",
      "dependencies": {
        "loose-envify": "^1.1.0",
        "scheduler": "^0.23.2"
      },
      "peerDependencies": {
        "react": "^18.3.1"
      }
    },
    "node_modules/react-scripts": {
      "version": "5.0.1",
      "resolved": "https://registry.npmjs.org/react-scripts/-/react-scripts-5.0.1.tgz",
      "integrity": "sha512-A0A6kLd2F1bNWeLAtwL3eM1R/T2/f3Uv/8hDga7C9wY/gSweiM3G/CZKY5sNSozI5e5nFvVb3/zOD30aK26hPw==",
      "dependencies": {
        "@babel/core": "^7.16.0",
        "@pmmmwh/react-refresh-webpack-plugin": "^0.5.2",
        "babel-jest": "^27.4.2",
        "babel-loader": "^8.2.3",
        "babel-plugin-named-asset-import": "^0.3.8",
        "babel-preset-react-app": "^10.0.1",
        "bfj": "^7.0.2",
        "browserslist": "^4.18.1",
        "case-sensitive-paths-webpack-plugin": "^2.4.0",
        "css-loader": "^6.5.1",
        "css-minimizer-webpack-plugin": "^3.2.0",
        "dotenv": "^10.0.0",
        "dotenv-expand": "^5.1.0",
        "eslint": "^8.3.0",
        "eslint-config-react-app": "^7.0.1",
        "eslint-webpack-plugin": "^3.1.1",
        "file-loader": "^6.2.0",
        "fs-extra": "^10.0.0",
        "html-webpack-plugin": "^5.5.0",
        "identity-obj-proxy": "^3.0.0",
        "jest": "^27.4.3",
        "jest-resolve": "^27.4.2",
        "jest-watch-typeahead": "^1.0.0",
        "mini-css-extract-plugin": "^2.4.5",
        "postcss": "^8.4.4",
        "postcss-flexbugs-fixes": "^5.0.2",
        "postcss-loader": "^6.2.1",
        "postcss-normalize": "^10.0.1",
        "postcss-preset-env": "^7.0.1",
        "prompts": "^2.4.2",
        "react-app-polyfill": "^3.0.0",
        "react-dev-utils": "^12.0.1",
        "react-refresh": "^0.11.0",
        "resolve": "^1.20.0",
        "resolve-url-loader": "^4.0.0",
        "sass-loader": "^12.3.0",
        "semver": "^7.3.5",
        "source-map-loader": "^3.0.0",
        "style-loader": "^3.3.1",
        "tailwindcss": "^3.0.2",
        "terser-webpack-plugin": "^5.2.5",
        "webpack": "^5.64.4",
        "webpack-dev-server": "^4.6.0",
        "webpack-manifest-plugin": "^4.0.2",
        "workbox-webpack-plugin": "^6.4.1"
      },
      "peerDependencies": {
        "react": ">= 16",
        "typescript": "^3.2.1 || ^4"
      },
      "peerDependenciesMeta": {
        "typescript": {
          "optional": true
        }
      },
      "optionalDependencies": {
        "fsevents": "2.3.2"
      }
    },
    
    "node_modules/loose-envify": {
      "version": "1.4.0",
      "resolved": "https://registry.npmjs.org/loose-envify/-/loose-envify-1.4.0.tgz",
      "integrity": "sha512-lyuxPGr/Wfhrlem2CL/UkyMeK5GDKLx8XP3eHye1gCFFmHnwBYmdC7IFHlLgAbZxV8fdmmqPNO9ARnZFBbn64g==",
      "dependencies": {
        "js-tokens": "^4.0.0"
      },
      "bin": {
        "loose-envify": "cli.js"
      }
    },
    "node_modules/scheduler": {
      "version": "0.23.2",
      "resolved": "https://registry.npmjs.org/scheduler/-/scheduler-0.23.2.tgz",
      "integrity": "sha512-EaKqFfUNpL6dUT/TMCXuaM+o2tPrtxQdGg+bDEtoPnpfMhNlYKf2P82XyA49pDYYg8Qc0m3m/NnD9Nqc/2v3iA==",
      "dependencies": {
        "loose-envify": "^1.1.0"
      }
    }
  }
}